// !$*UTF8*$!
{
	archiveVersion = 1;
	classes = {
	};
	objectVersion = 55;
	objects = {

/* Begin PBXBuildFile section */
		5C661A86298BF17B00EF6FAE /* BestSellerCollectionView.swift in Sources */ = {isa = PBXBuildFile; fileRef = 5C661A85298BF17B00EF6FAE /* BestSellerCollectionView.swift */; };
		5C661A88298BF19400EF6FAE /* BestSellerViewCell.swift in Sources */ = {isa = PBXBuildFile; fileRef = 5C661A87298BF19400EF6FAE /* BestSellerViewCell.swift */; };
		5C700DDE29817C1C004E3344 /* AppDelegate.swift in Sources */ = {isa = PBXBuildFile; fileRef = 5C700DDD29817C1C004E3344 /* AppDelegate.swift */; };
		5C700DE029817C1C004E3344 /* SceneDelegate.swift in Sources */ = {isa = PBXBuildFile; fileRef = 5C700DDF29817C1C004E3344 /* SceneDelegate.swift */; };
		5C700DE229817C1C004E3344 /* MainViewController.swift in Sources */ = {isa = PBXBuildFile; fileRef = 5C700DE129817C1C004E3344 /* MainViewController.swift */; };
		5C700DE529817C1C004E3344 /* Main.storyboard in Resources */ = {isa = PBXBuildFile; fileRef = 5C700DE329817C1C004E3344 /* Main.storyboard */; };
		5C700DE829817C1C004E3344 /* Ecommerce.xcdatamodeld in Sources */ = {isa = PBXBuildFile; fileRef = 5C700DE629817C1C004E3344 /* Ecommerce.xcdatamodeld */; };
		5C700DEA29817C1D004E3344 /* Assets.xcassets in Resources */ = {isa = PBXBuildFile; fileRef = 5C700DE929817C1D004E3344 /* Assets.xcassets */; };
		5C700DED29817C1D004E3344 /* LaunchScreen.storyboard in Resources */ = {isa = PBXBuildFile; fileRef = 5C700DEB29817C1D004E3344 /* LaunchScreen.storyboard */; };
		5C700DF52981B09C004E3344 /* CollectionTableViewCell.swift in Sources */ = {isa = PBXBuildFile; fileRef = 5C700DF42981B09C004E3344 /* CollectionTableViewCell.swift */; };
		5C700DF72981BE10004E3344 /* TileCollectionViewCell.swift in Sources */ = {isa = PBXBuildFile; fileRef = 5C700DF62981BE10004E3344 /* TileCollectionViewCell.swift */; };
		5CDF828329840CA4001242F5 /* HeaderView.swift in Sources */ = {isa = PBXBuildFile; fileRef = 5CDF828229840CA4001242F5 /* HeaderView.swift */; };
		5CDF828629852C4E001242F5 /* NetworkService.swift in Sources */ = {isa = PBXBuildFile; fileRef = 5CDF828529852C4E001242F5 /* NetworkService.swift */; };
		5CDF828829852CC2001242F5 /* NetworkDataFetcher.swift in Sources */ = {isa = PBXBuildFile; fileRef = 5CDF828729852CC2001242F5 /* NetworkDataFetcher.swift */; };
		5CDF828A29852E6A001242F5 /* DataFetcherService.swift in Sources */ = {isa = PBXBuildFile; fileRef = 5CDF828929852E6A001242F5 /* DataFetcherService.swift */; };
		5CDF828C29852EDE001242F5 /* ModelForMainVC.swift in Sources */ = {isa = PBXBuildFile; fileRef = 5CDF828B29852EDE001242F5 /* ModelForMainVC.swift */; };
		5CDF828F29858D4C001242F5 /* SearchCell.swift in Sources */ = {isa = PBXBuildFile; fileRef = 5CDF828E29858D4C001242F5 /* SearchCell.swift */; };
		5CEDD8662985A59300615C3B /* Extension.swift in Sources */ = {isa = PBXBuildFile; fileRef = 5CEDD8652985A59300615C3B /* Extension.swift */; };
		5CEDD86829870D4200615C3B /* HotSalesCollectionView.swift in Sources */ = {isa = PBXBuildFile; fileRef = 5CEDD86729870D4200615C3B /* HotSalesCollectionView.swift */; };
		5CEDD86A2987122A00615C3B /* HotSaleCollectionViewCell.swift in Sources */ = {isa = PBXBuildFile; fileRef = 5CEDD8692987122A00615C3B /* HotSaleCollectionViewCell.swift */; };
/* End PBXBuildFile section */

/* Begin PBXFileReference section */
		5C661A85298BF17B00EF6FAE /* BestSellerCollectionView.swift */ = {isa = PBXFileReference; lastKnownFileType = sourcecode.swift; path = BestSellerCollectionView.swift; sourceTree = "<group>"; };
		5C661A87298BF19400EF6FAE /* BestSellerViewCell.swift */ = {isa = PBXFileReference; lastKnownFileType = sourcecode.swift; path = BestSellerViewCell.swift; sourceTree = "<group>"; };
		5C700DDA29817C1C004E3344 /* Ecommerce.app */ = {isa = PBXFileReference; explicitFileType = wrapper.application; includeInIndex = 0; path = Ecommerce.app; sourceTree = BUILT_PRODUCTS_DIR; };
		5C700DDD29817C1C004E3344 /* AppDelegate.swift */ = {isa = PBXFileReference; lastKnownFileType = sourcecode.swift; path = AppDelegate.swift; sourceTree = "<group>"; };
		5C700DDF29817C1C004E3344 /* SceneDelegate.swift */ = {isa = PBXFileReference; lastKnownFileType = sourcecode.swift; path = SceneDelegate.swift; sourceTree = "<group>"; };
		5C700DE129817C1C004E3344 /* MainViewController.swift */ = {isa = PBXFileReference; lastKnownFileType = sourcecode.swift; path = MainViewController.swift; sourceTree = "<group>"; };
		5C700DE429817C1C004E3344 /* Base */ = {isa = PBXFileReference; lastKnownFileType = file.storyboard; name = Base; path = Base.lproj/Main.storyboard; sourceTree = "<group>"; };
		5C700DE729817C1C004E3344 /* Ecommerce.xcdatamodel */ = {isa = PBXFileReference; lastKnownFileType = wrapper.xcdatamodel; path = Ecommerce.xcdatamodel; sourceTree = "<group>"; };
		5C700DE929817C1D004E3344 /* Assets.xcassets */ = {isa = PBXFileReference; lastKnownFileType = folder.assetcatalog; path = Assets.xcassets; sourceTree = "<group>"; };
		5C700DEC29817C1D004E3344 /* Base */ = {isa = PBXFileReference; lastKnownFileType = file.storyboard; name = Base; path = Base.lproj/LaunchScreen.storyboard; sourceTree = "<group>"; };
		5C700DEE29817C1D004E3344 /* Info.plist */ = {isa = PBXFileReference; lastKnownFileType = text.plist.xml; path = Info.plist; sourceTree = "<group>"; };
		5C700DF42981B09C004E3344 /* CollectionTableViewCell.swift */ = {isa = PBXFileReference; lastKnownFileType = sourcecode.swift; path = CollectionTableViewCell.swift; sourceTree = "<group>"; };
		5C700DF62981BE10004E3344 /* TileCollectionViewCell.swift */ = {isa = PBXFileReference; lastKnownFileType = sourcecode.swift; path = TileCollectionViewCell.swift; sourceTree = "<group>"; };
		5CDF828229840CA4001242F5 /* HeaderView.swift */ = {isa = PBXFileReference; lastKnownFileType = sourcecode.swift; path = HeaderView.swift; sourceTree = "<group>"; };
		5CDF828529852C4E001242F5 /* NetworkService.swift */ = {isa = PBXFileReference; lastKnownFileType = sourcecode.swift; path = NetworkService.swift; sourceTree = "<group>"; };
		5CDF828729852CC2001242F5 /* NetworkDataFetcher.swift */ = {isa = PBXFileReference; lastKnownFileType = sourcecode.swift; path = NetworkDataFetcher.swift; sourceTree = "<group>"; };
		5CDF828929852E6A001242F5 /* DataFetcherService.swift */ = {isa = PBXFileReference; lastKnownFileType = sourcecode.swift; path = DataFetcherService.swift; sourceTree = "<group>"; };
		5CDF828B29852EDE001242F5 /* ModelForMainVC.swift */ = {isa = PBXFileReference; lastKnownFileType = sourcecode.swift; path = ModelForMainVC.swift; sourceTree = "<group>"; };
		5CDF828E29858D4C001242F5 /* SearchCell.swift */ = {isa = PBXFileReference; lastKnownFileType = sourcecode.swift; path = SearchCell.swift; sourceTree = "<group>"; };
		5CEDD8652985A59300615C3B /* Extension.swift */ = {isa = PBXFileReference; lastKnownFileType = sourcecode.swift; path = Extension.swift; sourceTree = "<group>"; };
		5CEDD86729870D4200615C3B /* HotSalesCollectionView.swift */ = {isa = PBXFileReference; lastKnownFileType = sourcecode.swift; path = HotSalesCollectionView.swift; sourceTree = "<group>"; };
		5CEDD8692987122A00615C3B /* HotSaleCollectionViewCell.swift */ = {isa = PBXFileReference; lastKnownFileType = sourcecode.swift; path = HotSaleCollectionViewCell.swift; sourceTree = "<group>"; };
/* End PBXFileReference section */

/* Begin PBXFrameworksBuildPhase section */
		5C700DD729817C1C004E3344 /* Frameworks */ = {
			isa = PBXFrameworksBuildPhase;
			buildActionMask = 2147483647;
			files = (
			);
			runOnlyForDeploymentPostprocessing = 0;
		};
/* End PBXFrameworksBuildPhase section */

/* Begin PBXGroup section */
		5C661A89298D9F1300EF6FAE /* HotSalesSection */ = {
			isa = PBXGroup;
			children = (
				5CEDD86729870D4200615C3B /* HotSalesCollectionView.swift */,
				5CEDD8692987122A00615C3B /* HotSaleCollectionViewCell.swift */,
			);
			path = HotSalesSection;
			sourceTree = "<group>";
		};
		5C700DD129817C1C004E3344 = {
			isa = PBXGroup;
			children = (
				5C700DDC29817C1C004E3344 /* Ecommerce */,
				5C700DDB29817C1C004E3344 /* Products */,
			);
			sourceTree = "<group>";
		};
		5C700DDB29817C1C004E3344 /* Products */ = {
			isa = PBXGroup;
			children = (
				5C700DDA29817C1C004E3344 /* Ecommerce.app */,
			);
			name = Products;
			sourceTree = "<group>";
		};
		5C700DDC29817C1C004E3344 /* Ecommerce */ = {
			isa = PBXGroup;
			children = (
				5C700DDD29817C1C004E3344 /* AppDelegate.swift */,
				5C700DDF29817C1C004E3344 /* SceneDelegate.swift */,
				5C700DE129817C1C004E3344 /* MainViewController.swift */,
				5C700DF42981B09C004E3344 /* CollectionTableViewCell.swift */,
				5C700DF62981BE10004E3344 /* TileCollectionViewCell.swift */,
				5CDF828229840CA4001242F5 /* HeaderView.swift */,
				5CDF828E29858D4C001242F5 /* SearchCell.swift */,
				5CDF828D29852FF4001242F5 /* Model */,
				5CDF828429852C2E001242F5 /* Service */,
				5C661A89298D9F1300EF6FAE /* HotSalesSection */,
				5C661A85298BF17B00EF6FAE /* BestSellerCollectionView.swift */,
				5C661A87298BF19400EF6FAE /* BestSellerViewCell.swift */,
				5C700DE329817C1C004E3344 /* Main.storyboard */,
				5CEDD8642985A56400615C3B /* Extension */,
				5C700DE929817C1D004E3344 /* Assets.xcassets */,
				5C700DEB29817C1D004E3344 /* LaunchScreen.storyboard */,
				5C700DEE29817C1D004E3344 /* Info.plist */,
				5C700DE629817C1C004E3344 /* Ecommerce.xcdatamodeld */,
			);
			path = Ecommerce;
			sourceTree = "<group>";
		};
		5CDF828429852C2E001242F5 /* Service */ = {
			isa = PBXGroup;
			children = (
				5CDF828529852C4E001242F5 /* NetworkService.swift */,
				5CDF828729852CC2001242F5 /* NetworkDataFetcher.swift */,
				5CDF828929852E6A001242F5 /* DataFetcherService.swift */,
			);
			path = Service;
			sourceTree = "<group>";
		};
		5CDF828D29852FF4001242F5 /* Model */ = {
			isa = PBXGroup;
			children = (
				5CDF828B29852EDE001242F5 /* ModelForMainVC.swift */,
			);
			path = Model;
			sourceTree = "<group>";
		};
		5CEDD8642985A56400615C3B /* Extension */ = {
			isa = PBXGroup;
			children = (
				5CEDD8652985A59300615C3B /* Extension.swift */,
			);
			path = Extension;
			sourceTree = "<group>";
		};
/* End PBXGroup section */

/* Begin PBXNativeTarget section */
		5C700DD929817C1C004E3344 /* Ecommerce */ = {
			isa = PBXNativeTarget;
			buildConfigurationList = 5C700DF129817C1D004E3344 /* Build configuration list for PBXNativeTarget "Ecommerce" */;
			buildPhases = (
				5C700DD629817C1C004E3344 /* Sources */,
				5C700DD729817C1C004E3344 /* Frameworks */,
				5C700DD829817C1C004E3344 /* Resources */,
			);
			buildRules = (
			);
			dependencies = (
			);
			name = Ecommerce;
			productName = Ecommerce;
			productReference = 5C700DDA29817C1C004E3344 /* Ecommerce.app */;
			productType = "com.apple.product-type.application";
		};
/* End PBXNativeTarget section */

/* Begin PBXProject section */
		5C700DD229817C1C004E3344 /* Project object */ = {
			isa = PBXProject;
			attributes = {
				BuildIndependentTargetsInParallel = 1;
				LastSwiftUpdateCheck = 1340;
				LastUpgradeCheck = 1340;
				TargetAttributes = {
					5C700DD929817C1C004E3344 = {
						CreatedOnToolsVersion = 13.4.1;
					};
				};
			};
			buildConfigurationList = 5C700DD529817C1C004E3344 /* Build configuration list for PBXProject "Ecommerce" */;
			compatibilityVersion = "Xcode 13.0";
			developmentRegion = en;
			hasScannedForEncodings = 0;
			knownRegions = (
				en,
				Base,
			);
			mainGroup = 5C700DD129817C1C004E3344;
			productRefGroup = 5C700DDB29817C1C004E3344 /* Products */;
			projectDirPath = "";
			projectRoot = "";
			targets = (
				5C700DD929817C1C004E3344 /* Ecommerce */,
			);
		};
/* End PBXProject section */

/* Begin PBXResourcesBuildPhase section */
		5C700DD829817C1C004E3344 /* Resources */ = {
			isa = PBXResourcesBuildPhase;
			buildActionMask = 2147483647;
			files = (
				5C700DED29817C1D004E3344 /* LaunchScreen.storyboard in Resources */,
				5C700DEA29817C1D004E3344 /* Assets.xcassets in Resources */,
				5C700DE529817C1C004E3344 /* Main.storyboard in Resources */,
			);
			runOnlyForDeploymentPostprocessing = 0;
		};
/* End PBXResourcesBuildPhase section */

/* Begin PBXSourcesBuildPhase section */
		5C700DD629817C1C004E3344 /* Sources */ = {
			isa = PBXSourcesBuildPhase;
			buildActionMask = 2147483647;
			files = (
				5C700DF72981BE10004E3344 /* TileCollectionViewCell.swift in Sources */,
				5CEDD86829870D4200615C3B /* HotSalesCollectionView.swift in Sources */,
				5CDF828F29858D4C001242F5 /* SearchCell.swift in Sources */,
				5C700DF52981B09C004E3344 /* CollectionTableViewCell.swift in Sources */,
				5CEDD8662985A59300615C3B /* Extension.swift in Sources */,
				5C661A86298BF17B00EF6FAE /* BestSellerCollectionView.swift in Sources */,
				5CDF828629852C4E001242F5 /* NetworkService.swift in Sources */,
				5C700DE229817C1C004E3344 /* MainViewController.swift in Sources */,
				5C700DDE29817C1C004E3344 /* AppDelegate.swift in Sources */,
				5C661A88298BF19400EF6FAE /* BestSellerViewCell.swift in Sources */,
				5CDF828A29852E6A001242F5 /* DataFetcherService.swift in Sources */,
				5C700DE829817C1C004E3344 /* Ecommerce.xcdatamodeld in Sources */,
				5CDF828829852CC2001242F5 /* NetworkDataFetcher.swift in Sources */,
				5CDF828C29852EDE001242F5 /* ModelForMainVC.swift in Sources */,
				5CEDD86A2987122A00615C3B /* HotSaleCollectionViewCell.swift in Sources */,
				5C700DE029817C1C004E3344 /* SceneDelegate.swift in Sources */,
				5CDF828329840CA4001242F5 /* HeaderView.swift in Sources */,
			);
			runOnlyForDeploymentPostprocessing = 0;
		};
/* End PBXSourcesBuildPhase section */

/* Begin PBXVariantGroup section */
		5C700DE329817C1C004E3344 /* Main.storyboard */ = {
			isa = PBXVariantGroup;
			children = (
				5C700DE429817C1C004E3344 /* Base */,
			);
			name = Main.storyboard;
			sourceTree = "<group>";
		};
		5C700DEB29817C1D004E3344 /* LaunchScreen.storyboard */ = {
			isa = PBXVariantGroup;
			children = (
				5C700DEC29817C1D004E3344 /* Base */,
			);
			name = LaunchScreen.storyboard;
			sourceTree = "<group>";
		};
/* End PBXVariantGroup section */

/* Begin XCBuildConfiguration section */
		5C700DEF29817C1D004E3344 /* Debug */ = {
			isa = XCBuildConfiguration;
			buildSettings = {
				ALWAYS_SEARCH_USER_PATHS = NO;
				CLANG_ANALYZER_NONNULL = YES;
				CLANG_ANALYZER_NUMBER_OBJECT_CONVERSION = YES_AGGRESSIVE;
				CLANG_CXX_LANGUAGE_STANDARD = "gnu++17";
				CLANG_ENABLE_MODULES = YES;
				CLANG_ENABLE_OBJC_ARC = YES;
				CLANG_ENABLE_OBJC_WEAK = YES;
				CLANG_WARN_BLOCK_CAPTURE_AUTORELEASING = YES;
				CLANG_WARN_BOOL_CONVERSION = YES;
				CLANG_WARN_COMMA = YES;
				CLANG_WARN_CONSTANT_CONVERSION = YES;
				CLANG_WARN_DEPRECATED_OBJC_IMPLEMENTATIONS = YES;
				CLANG_WARN_DIRECT_OBJC_ISA_USAGE = YES_ERROR;
				CLANG_WARN_DOCUMENTATION_COMMENTS = YES;
				CLANG_WARN_EMPTY_BODY = YES;
				CLANG_WARN_ENUM_CONVERSION = YES;
				CLANG_WARN_INFINITE_RECURSION = YES;
				CLANG_WARN_INT_CONVERSION = YES;
				CLANG_WARN_NON_LITERAL_NULL_CONVERSION = YES;
				CLANG_WARN_OBJC_IMPLICIT_RETAIN_SELF = YES;
				CLANG_WARN_OBJC_LITERAL_CONVERSION = YES;
				CLANG_WARN_OBJC_ROOT_CLASS = YES_ERROR;
				CLANG_WARN_QUOTED_INCLUDE_IN_FRAMEWORK_HEADER = YES;
				CLANG_WARN_RANGE_LOOP_ANALYSIS = YES;
				CLANG_WARN_STRICT_PROTOTYPES = YES;
				CLANG_WARN_SUSPICIOUS_MOVE = YES;
				CLANG_WARN_UNGUARDED_AVAILABILITY = YES_AGGRESSIVE;
				CLANG_WARN_UNREACHABLE_CODE = YES;
				CLANG_WARN__DUPLICATE_METHOD_MATCH = YES;
				COPY_PHASE_STRIP = NO;
				DEBUG_INFORMATION_FORMAT = dwarf;
				ENABLE_STRICT_OBJC_MSGSEND = YES;
				ENABLE_TESTABILITY = YES;
				GCC_C_LANGUAGE_STANDARD = gnu11;
				GCC_DYNAMIC_NO_PIC = NO;
				GCC_NO_COMMON_BLOCKS = YES;
				GCC_OPTIMIZATION_LEVEL = 0;
				GCC_PREPROCESSOR_DEFINITIONS = (
					"DEBUG=1",
					"$(inherited)",
				);
				GCC_WARN_64_TO_32_BIT_CONVERSION = YES;
				GCC_WARN_ABOUT_RETURN_TYPE = YES_ERROR;
				GCC_WARN_UNDECLARED_SELECTOR = YES;
				GCC_WARN_UNINITIALIZED_AUTOS = YES_AGGRESSIVE;
				GCC_WARN_UNUSED_FUNCTION = YES;
				GCC_WARN_UNUSED_VARIABLE = YES;
				IPHONEOS_DEPLOYMENT_TARGET = 15.5;
				MTL_ENABLE_DEBUG_INFO = INCLUDE_SOURCE;
				MTL_FAST_MATH = YES;
				ONLY_ACTIVE_ARCH = YES;
				SDKROOT = iphoneos;
				SWIFT_ACTIVE_COMPILATION_CONDITIONS = DEBUG;
				SWIFT_OPTIMIZATION_LEVEL = "-Onone";
			};
			name = Debug;
		};
		5C700DF029817C1D004E3344 /* Release */ = {
			isa = XCBuildConfiguration;
			buildSettings = {
				ALWAYS_SEARCH_USER_PATHS = NO;
				CLANG_ANALYZER_NONNULL = YES;
				CLANG_ANALYZER_NUMBER_OBJECT_CONVERSION = YES_AGGRESSIVE;
				CLANG_CXX_LANGUAGE_STANDARD = "gnu++17";
				CLANG_ENABLE_MODULES = YES;
				CLANG_ENABLE_OBJC_ARC = YES;
				CLANG_ENABLE_OBJC_WEAK = YES;
				CLANG_WARN_BLOCK_CAPTURE_AUTORELEASING = YES;
				CLANG_WARN_BOOL_CONVERSION = YES;
				CLANG_WARN_COMMA = YES;
				CLANG_WARN_CONSTANT_CONVERSION = YES;
				CLANG_WARN_DEPRECATED_OBJC_IMPLEMENTATIONS = YES;
				CLANG_WARN_DIRECT_OBJC_ISA_USAGE = YES_ERROR;
				CLANG_WARN_DOCUMENTATION_COMMENTS = YES;
				CLANG_WARN_EMPTY_BODY = YES;
				CLANG_WARN_ENUM_CONVERSION = YES;
				CLANG_WARN_INFINITE_RECURSION = YES;
				CLANG_WARN_INT_CONVERSION = YES;
				CLANG_WARN_NON_LITERAL_NULL_CONVERSION = YES;
				CLANG_WARN_OBJC_IMPLICIT_RETAIN_SELF = YES;
				CLANG_WARN_OBJC_LITERAL_CONVERSION = YES;
				CLANG_WARN_OBJC_ROOT_CLASS = YES_ERROR;
				CLANG_WARN_QUOTED_INCLUDE_IN_FRAMEWORK_HEADER = YES;
				CLANG_WARN_RANGE_LOOP_ANALYSIS = YES;
				CLANG_WARN_STRICT_PROTOTYPES = YES;
				CLANG_WARN_SUSPICIOUS_MOVE = YES;
				CLANG_WARN_UNGUARDED_AVAILABILITY = YES_AGGRESSIVE;
				CLANG_WARN_UNREACHABLE_CODE = YES;
				CLANG_WARN__DUPLICATE_METHOD_MATCH = YES;
				COPY_PHASE_STRIP = NO;
				DEBUG_INFORMATION_FORMAT = "dwarf-with-dsym";
				ENABLE_NS_ASSERTIONS = NO;
				ENABLE_STRICT_OBJC_MSGSEND = YES;
				GCC_C_LANGUAGE_STANDARD = gnu11;
				GCC_NO_COMMON_BLOCKS = YES;
				GCC_WARN_64_TO_32_BIT_CONVERSION = YES;
				GCC_WARN_ABOUT_RETURN_TYPE = YES_ERROR;
				GCC_WARN_UNDECLARED_SELECTOR = YES;
				GCC_WARN_UNINITIALIZED_AUTOS = YES_AGGRESSIVE;
				GCC_WARN_UNUSED_FUNCTION = YES;
				GCC_WARN_UNUSED_VARIABLE = YES;
				IPHONEOS_DEPLOYMENT_TARGET = 15.5;
				MTL_ENABLE_DEBUG_INFO = NO;
				MTL_FAST_MATH = YES;
				SDKROOT = iphoneos;
				SWIFT_COMPILATION_MODE = wholemodule;
				SWIFT_OPTIMIZATION_LEVEL = "-O";
				VALIDATE_PRODUCT = YES;
			};
			name = Release;
		};
		5C700DF229817C1D004E3344 /* Debug */ = {
			isa = XCBuildConfiguration;
			buildSettings = {
				ASSETCATALOG_COMPILER_APPICON_NAME = AppIcon;
				ASSETCATALOG_COMPILER_GLOBAL_ACCENT_COLOR_NAME = AccentColor;
				CODE_SIGN_STYLE = Automatic;
				CURRENT_PROJECT_VERSION = 1;
				DEVELOPMENT_TEAM = SU23D6GXVW;
				GENERATE_INFOPLIST_FILE = YES;
				INFOPLIST_FILE = Ecommerce/Info.plist;
				INFOPLIST_KEY_UIApplicationSupportsIndirectInputEvents = YES;
				INFOPLIST_KEY_UILaunchStoryboardName = LaunchScreen;
				INFOPLIST_KEY_UIMainStoryboardFile = Main;
				INFOPLIST_KEY_UISupportedInterfaceOrientations_iPad = "UIInterfaceOrientationPortrait UIInterfaceOrientationPortraitUpsideDown UIInterfaceOrientationLandscapeLeft UIInterfaceOrientationLandscapeRight";
				INFOPLIST_KEY_UISupportedInterfaceOrientations_iPhone = "UIInterfaceOrientationPortrait UIInterfaceOrientationLandscapeLeft UIInterfaceOrientationLandscapeRight";
				LD_RUNPATH_SEARCH_PATHS = (
					"$(inherited)",
					"@executable_path/Frameworks",
				);
				MARKETING_VERSION = 1.0;
				PRODUCT_BUNDLE_IDENTIFIER = qwe.Ecommerce;
				PRODUCT_NAME = "$(TARGET_NAME)";
				SWIFT_EMIT_LOC_STRINGS = YES;
				SWIFT_VERSION = 5.0;
				TARGETED_DEVICE_FAMILY = "1,2";
			};
			name = Debug;
		};
		5C700DF329817C1D004E3344 /* Release */ = {
			isa = XCBuildConfiguration;
			buildSettings = {
				ASSETCATALOG_COMPILER_APPICON_NAME = AppIcon;
				ASSETCATALOG_COMPILER_GLOBAL_ACCENT_COLOR_NAME = AccentColor;
				CODE_SIGN_STYLE = Automatic;
				CURRENT_PROJECT_VERSION = 1;
				DEVELOPMENT_TEAM = SU23D6GXVW;
				GENERATE_INFOPLIST_FILE = YES;
				INFOPLIST_FILE = Ecommerce/Info.plist;
				INFOPLIST_KEY_UIApplicationSupportsIndirectInputEvents = YES;
				INFOPLIST_KEY_UILaunchStoryboardName = LaunchScreen;
				INFOPLIST_KEY_UIMainStoryboardFile = Main;
				INFOPLIST_KEY_UISupportedInterfaceOrientations_iPad = "UIInterfaceOrientationPortrait UIInterfaceOrientationPortraitUpsideDown UIInterfaceOrientationLandscapeLeft UIInterfaceOrientationLandscapeRight";
				INFOPLIST_KEY_UISupportedInterfaceOrientations_iPhone = "UIInterfaceOrientationPortrait UIInterfaceOrientationLandscapeLeft UIInterfaceOrientationLandscapeRight";
				LD_RUNPATH_SEARCH_PATHS = (
					"$(inherited)",
					"@executable_path/Frameworks",
				);
				MARKETING_VERSION = 1.0;
				PRODUCT_BUNDLE_IDENTIFIER = qwe.Ecommerce;
				PRODUCT_NAME = "$(TARGET_NAME)";
				SWIFT_EMIT_LOC_STRINGS = YES;
				SWIFT_VERSION = 5.0;
				TARGETED_DEVICE_FAMILY = "1,2";
			};
			name = Release;
		};
/* End XCBuildConfiguration section */

/* Begin XCConfigurationList section */
		5C700DD529817C1C004E3344 /* Build configuration list for PBXProject "Ecommerce" */ = {
			isa = XCConfigurationList;
			buildConfigurations = (
				5C700DEF29817C1D004E3344 /* Debug */,
				5C700DF029817C1D004E3344 /* Release */,
			);
			defaultConfigurationIsVisible = 0;
			defaultConfigurationName = Release;
		};
		5C700DF129817C1D004E3344 /* Build configuration list for PBXNativeTarget "Ecommerce" */ = {
			isa = XCConfigurationList;
			buildConfigurations = (
				5C700DF229817C1D004E3344 /* Debug */,
				5C700DF329817C1D004E3344 /* Release */,
			);
			defaultConfigurationIsVisible = 0;
			defaultConfigurationName = Release;
		};
/* End XCConfigurationList section */

/* Begin XCVersionGroup section */
		5C700DE629817C1C004E3344 /* Ecommerce.xcdatamodeld */ = {
			isa = XCVersionGroup;
			children = (
				5C700DE729817C1C004E3344 /* Ecommerce.xcdatamodel */,
			);
			currentVersion = 5C700DE729817C1C004E3344 /* Ecommerce.xcdatamodel */;
			path = Ecommerce.xcdatamodeld;
			sourceTree = "<group>";
			versionGroupType = wrapper.xcdatamodel;
		};
/* End XCVersionGroup section */
	};
	rootObject = 5C700DD229817C1C004E3344 /* Project object */;
}
